
Microsoft Visual Studio Solution File, Format Version 12.00
# Visual Studio 15
VisualStudioVersion = 15.0.27703.2026
MinimumVisualStudioVersion = 10.0.40219.1
Project("{FAE04EC0-301F-11D3-BF4B-00C04F79EFBC}") = "MergeConflict", "MergeConflict\MergeConflict.csproj", "{6AAFA136-60EF-4AF9-9E81-7630AD5E3B8F}"
EndProject
Global
	GlobalSection(SolutionConfigurationPlatforms) = preSolution
		Debug|Any CPU = Debug|Any CPU
		Release|Any CPU = Release|Any CPU
	EndGlobalSection
	GlobalSection(ProjectConfigurationPlatforms) = postSolution
		{6AAFA136-60EF-4AF9-9E81-7630AD5E3B8F}.Debug|Any CPU.ActiveCfg = Debug|Any CPU
		{6AAFA136-60EF-4AF9-9E81-7630AD5E3B8F}.Debug|Any CPU.Build.0 = Debug|Any CPU
		{6AAFA136-60EF-4AF9-9E81-7630AD5E3B8F}.Release|Any CPU.ActiveCfg = Release|Any CPU
		{6AAFA136-60EF-4AF9-9E81-7630AD5E3B8F}.Release|Any CPU.Build.0 = Release|Any CPU
	EndGlobalSection
	GlobalSection(SolutionProperties) = preSolution
		HideSolutionNode = FALSE
	EndGlobalSection
	GlobalSection(ExtensibilityGlobals) = postSolution
		SolutionGuid = {618F1290-A177-4FAB-88F4-BDC77DCD6F52}
	EndGlobalSection
EndGlobal
